// !$*UTF8*$!
{
	archiveVersion = 1;
	classes = {
	};
	objectVersion = 77;
	objects = {

/* Begin PBXContainerItemProxy section */
		66E34B9D2DCD21D800E20094 /* PBXContainerItemProxy */ = {
			isa = PBXContainerItemProxy;
			containerPortal = 66E34B7E2DCD21D700E20094 /* Project object */;
			proxyType = 1;
			remoteGlobalIDString = 66E34B852DCD21D700E20094;
			remoteInfo = "egg Boiled timer";
		};
		66E34BA72DCD21D800E20094 /* PBXContainerItemProxy */ = {
			isa = PBXContainerItemProxy;
			containerPortal = 66E34B7E2DCD21D700E20094 /* Project object */;
			proxyType = 1;
			remoteGlobalIDString = 66E34B852DCD21D700E20094;
			remoteInfo = "egg Boiled timer";
		};
/* End PBXContainerItemProxy section */

/* Begin PBXFileReference section */
		66E34B862DCD21D700E20094 /* egg Boiled timer.app */ = {isa = PBXFileReference; explicitFileType = wrapper.application; includeInIndex = 0; path = "egg Boiled timer.app"; sourceTree = BUILT_PRODUCTS_DIR; };
		66E34B9C2DCD21D800E20094 /* egg Boiled timerTests.xctest */ = {isa = PBXFileReference; explicitFileType = wrapper.cfbundle; includeInIndex = 0; path = "egg Boiled timerTests.xctest"; sourceTree = BUILT_PRODUCTS_DIR; };
		66E34BA62DCD21D800E20094 /* egg Boiled timerUITests.xctest */ = {isa = PBXFileReference; explicitFileType = wrapper.cfbundle; includeInIndex = 0; path = "egg Boiled timerUITests.xctest"; sourceTree = BUILT_PRODUCTS_DIR; };
/* End PBXFileReference section */

/* Begin PBXFileSystemSynchronizedBuildFileExceptionSet section */
		66E34BAE2DCD21D800E20094 /* Exceptions for "egg Boiled timer" folder in "egg Boiled timer" target */ = {
			isa = PBXFileSystemSynchronizedBuildFileExceptionSet;
			membershipExceptions = (
				Info.plist,
			);
			target = 66E34B852DCD21D700E20094 /* egg Boiled timer */;
		};
/* End PBXFileSystemSynchronizedBuildFileExceptionSet section */

/* Begin PBXFileSystemSynchronizedRootGroup section */
		66E34B882DCD21D700E20094 /* egg Boiled timer */ = {
			isa = PBXFileSystemSynchronizedRootGroup;
			exceptions = (
				66E34BAE2DCD21D800E20094 /* Exceptions for "egg Boiled timer" folder in "egg Boiled timer" target */,
			);
			path = "egg Boiled timer";
			sourceTree = "<group>";
		};
		66E34B9F2DCD21D800E20094 /* egg Boiled timerTests */ = {
			isa = PBXFileSystemSynchronizedRootGroup;
			path = "egg Boiled timerTests";
			sourceTree = "<group>";
		};
		66E34BA92DCD21D800E20094 /* egg Boiled timerUITests */ = {
			isa = PBXFileSystemSynchronizedRootGroup;
			path = "egg Boiled timerUITests";
			sourceTree = "<group>";
		};
/* End PBXFileSystemSynchronizedRootGroup section */

/* Begin PBXFrameworksBuildPhase section */
		66E34B832DCD21D700E20094 /* Frameworks */ = {
			isa = PBXFrameworksBuildPhase;
			buildActionMask = 2147483647;
			files = (
			);
			runOnlyForDeploymentPostprocessing = 0;
		};
		66E34B992DCD21D800E20094 /* Frameworks */ = {
			isa = PBXFrameworksBuildPhase;
			buildActionMask = 2147483647;
			files = (
			);
			runOnlyForDeploymentPostprocessing = 0;
		};
		66E34BA32DCD21D800E20094 /* Frameworks */ = {
			isa = PBXFrameworksBuildPhase;
			buildActionMask = 2147483647;
			files = (
			);
			runOnlyForDeploymentPostprocessing = 0;
		};
/* End PBXFrameworksBuildPhase section */

/* Begin PBXGroup section */
		66E34B7D2DCD21D700E20094 = {
			isa = PBXGroup;
			children = (
				66E34B882DCD21D700E20094 /* egg Boiled timer */,
				66E34B9F2DCD21D800E20094 /* egg Boiled timerTests */,
				66E34BA92DCD21D800E20094 /* egg Boiled timerUITests */,
				66E34B872DCD21D700E20094 /* Products */,
			);
			sourceTree = "<group>";
		};
		66E34B872DCD21D700E20094 /* Products */ = {
			isa = PBXGroup;
			children = (
				66E34B862DCD21D700E20094 /* egg Boiled timer.app */,
				66E34B9C2DCD21D800E20094 /* egg Boiled timerTests.xctest */,
				66E34BA62DCD21D800E20094 /* egg Boiled timerUITests.xctest */,
			);
			name = Products;
			sourceTree = "<group>";
		};
/* End PBXGroup section */

/* Begin PBXNativeTarget section */
		66E34B852DCD21D700E20094 /* egg Boiled timer */ = {
			isa = PBXNativeTarget;
			buildConfigurationList = 66E34BAF2DCD21D800E20094 /* Build configuration list for PBXNativeTarget "egg Boiled timer" */;
			buildPhases = (
				66E34B822DCD21D700E20094 /* Sources */,
				66E34B832DCD21D700E20094 /* Frameworks */,
				66E34B842DCD21D700E20094 /* Resources */,
			);
			buildRules = (
			);
			dependencies = (
			);
			fileSystemSynchronizedGroups = (
				66E34B882DCD21D700E20094 /* egg Boiled timer */,
			);
			name = "egg Boiled timer";
			packageProductDependencies = (
			);
			productName = "egg Boiled timer";
			productReference = 66E34B862DCD21D700E20094 /* egg Boiled timer.app */;
			productType = "com.apple.product-type.application";
		};
		66E34B9B2DCD21D800E20094 /* egg Boiled timerTests */ = {
			isa = PBXNativeTarget;
			buildConfigurationList = 66E34BB42DCD21D800E20094 /* Build configuration list for PBXNativeTarget "egg Boiled timerTests" */;
			buildPhases = (
				66E34B982DCD21D800E20094 /* Sources */,
				66E34B992DCD21D800E20094 /* Frameworks */,
				66E34B9A2DCD21D800E20094 /* Resources */,
			);
			buildRules = (
			);
			dependencies = (
				66E34B9E2DCD21D800E20094 /* PBXTargetDependency */,
			);
			fileSystemSynchronizedGroups = (
				66E34B9F2DCD21D800E20094 /* egg Boiled timerTests */,
			);
			name = "egg Boiled timerTests";
			packageProductDependencies = (
			);
			productName = "egg Boiled timerTests";
			productReference = 66E34B9C2DCD21D800E20094 /* egg Boiled timerTests.xctest */;
			productType = "com.apple.product-type.bundle.unit-test";
		};
		66E34BA52DCD21D800E20094 /* egg Boiled timerUITests */ = {
			isa = PBXNativeTarget;
			buildConfigurationList = 66E34BB72DCD21D800E20094 /* Build configuration list for PBXNativeTarget "egg Boiled timerUITests" */;
			buildPhases = (
				66E34BA22DCD21D800E20094 /* Sources */,
				66E34BA32DCD21D800E20094 /* Frameworks */,
				66E34BA42DCD21D800E20094 /* Resources */,
			);
			buildRules = (
			);
			dependencies = (
				66E34BA82DCD21D800E20094 /* PBXTargetDependency */,
			);
			fileSystemSynchronizedGroups = (
				66E34BA92DCD21D800E20094 /* egg Boiled timerUITests */,
			);
			name = "egg Boiled timerUITests";
			packageProductDependencies = (
			);
			productName = "egg Boiled timerUITests";
			productReference = 66E34BA62DCD21D800E20094 /* egg Boiled timerUITests.xctest */;
			productType = "com.apple.product-type.bundle.ui-testing";
		};
/* End PBXNativeTarget section */

/* Begin PBXProject section */
		66E34B7E2DCD21D700E20094 /* Project object */ = {
			isa = PBXProject;
			attributes = {
				BuildIndependentTargetsInParallel = 1;
				LastSwiftUpdateCheck = 1630;
				LastUpgradeCheck = 1630;
				TargetAttributes = {
					66E34B852DCD21D700E20094 = {
						CreatedOnToolsVersion = 16.3;
					};
					66E34B9B2DCD21D800E20094 = {
						CreatedOnToolsVersion = 16.3;
						TestTargetID = 66E34B852DCD21D700E20094;
					};
					66E34BA52DCD21D800E20094 = {
						CreatedOnToolsVersion = 16.3;
						TestTargetID = 66E34B852DCD21D700E20094;
					};
				};
			};
			buildConfigurationList = 66E34B812DCD21D700E20094 /* Build configuration list for PBXProject "egg Boiled timer" */;
			developmentRegion = en;
			hasScannedForEncodings = 0;
			knownRegions = (
				en,
				Base,
			);
			mainGroup = 66E34B7D2DCD21D700E20094;
			minimizedProjectReferenceProxies = 1;
			preferredProjectObjectVersion = 77;
			productRefGroup = 66E34B872DCD21D700E20094 /* Products */;
			projectDirPath = "";
			projectRoot = "";
			targets = (
				66E34B852DCD21D700E20094 /* egg Boiled timer */,
				66E34B9B2DCD21D800E20094 /* egg Boiled timerTests */,
				66E34BA52DCD21D800E20094 /* egg Boiled timerUITests */,
			);
		};
/* End PBXProject section */

/* Begin PBXResourcesBuildPhase section */
		66E34B842DCD21D700E20094 /* Resources */ = {
			isa = PBXResourcesBuildPhase;
			buildActionMask = 2147483647;
			files = (
			);
			runOnlyForDeploymentPostprocessing = 0;
		};
		66E34B9A2DCD21D800E20094 /* Resources */ = {
			isa = PBXResourcesBuildPhase;
			buildActionMask = 2147483647;
			files = (
			);
			runOnlyForDeploymentPostprocessing = 0;
		};
		66E34BA42DCD21D800E20094 /* Resources */ = {
			isa = PBXResourcesBuildPhase;
			buildActionMask = 2147483647;
			files = (
			);
			runOnlyForDeploymentPostprocessing = 0;
		};
/* End PBXResourcesBuildPhase section */

/* Begin PBXSourcesBuildPhase section */
		66E34B822DCD21D700E20094 /* Sources */ = {
			isa = PBXSourcesBuildPhase;
			buildActionMask = 2147483647;
			files = (
			);
			runOnlyForDeploymentPostprocessing = 0;
		};
		66E34B982DCD21D800E20094 /* Sources */ = {
			isa = PBXSourcesBuildPhase;
			buildActionMask = 2147483647;
			files = (
			);
			runOnlyForDeploymentPostprocessing = 0;
		};
		66E34BA22DCD21D800E20094 /* Sources */ = {
			isa = PBXSourcesBuildPhase;
			buildActionMask = 2147483647;
			files = (
			);
			runOnlyForDeploymentPostprocessing = 0;
		};
/* End PBXSourcesBuildPhase section */

/* Begin PBXTargetDependency section */
		66E34B9E2DCD21D800E20094 /* PBXTargetDependency */ = {
			isa = PBXTargetDependency;
			target = 66E34B852DCD21D700E20094 /* egg Boiled timer */;
			targetProxy = 66E34B9D2DCD21D800E20094 /* PBXContainerItemProxy */;
		};
		66E34BA82DCD21D800E20094 /* PBXTargetDependency */ = {
			isa = PBXTargetDependency;
			target = 66E34B852DCD21D700E20094 /* egg Boiled timer */;
			targetProxy = 66E34BA72DCD21D800E20094 /* PBXContainerItemProxy */;
		};
/* End PBXTargetDependency section */

/* Begin XCBuildConfiguration section */
		66E34BB02DCD21D800E20094 /* Debug */ = {
			isa = XCBuildConfiguration;
			buildSettings = {
				ASSETCATALOG_COMPILER_APPICON_NAME = AppIcon;
				ASSETCATALOG_COMPILER_GLOBAL_ACCENT_COLOR_NAME = AccentColor;
				CODE_SIGN_STYLE = Automatic;
				CURRENT_PROJECT_VERSION = 1;
				DEVELOPMENT_TEAM = ZRZ3S4BU85;
				GENERATE_INFOPLIST_FILE = YES;
				INFOPLIST_FILE = "egg Boiled timer/Info.plist";
				INFOPLIST_KEY_LSApplicationCategoryType = "public.app-category.utilities";
				INFOPLIST_KEY_UIApplicationSupportsIndirectInputEvents = YES;
				INFOPLIST_KEY_UILaunchStoryboardName = LaunchScreen;
				INFOPLIST_KEY_UIMainStoryboardFile = Main;
				INFOPLIST_KEY_UISupportedInterfaceOrientations_iPad = "UIInterfaceOrientationPortrait UIInterfaceOrientationPortraitUpsideDown UIInterfaceOrientationLandscapeLeft UIInterfaceOrientationLandscapeRight";
				INFOPLIST_KEY_UISupportedInterfaceOrientations_iPhone = "UIInterfaceOrientationPortrait UIInterfaceOrientationLandscapeLeft UIInterfaceOrientationLandscapeRight";
				IPHONEOS_DEPLOYMENT_TARGET = 15.6;
				LD_RUNPATH_SEARCH_PATHS = (
					"$(inherited)",
					"@executable_path/Frameworks",
				);
				MARKETING_VERSION = 1.0;
				PRODUCT_BUNDLE_IDENTIFIER = "com.shivappz.egg-Boiled-timer";
				PRODUCT_NAME = "$(TARGET_NAME)";
				SWIFT_EMIT_LOC_STRINGS = YES;
				SWIFT_VERSION = 5.0;
				TARGETED_DEVICE_FAMILY = "1,2";
			};
			name = Debug;
		};
		66E34BB12DCD21D800E20094 /* Release */ = {
			isa = XCBuildConfiguration;
			buildSettings = {
				ASSETCATALOG_COMPILER_APPICON_NAME = AppIcon;
				ASSETCATALOG_COMPILER_GLOBAL_ACCENT_COLOR_NAME = AccentColor;
				CODE_SIGN_STYLE = Automatic;
				CURRENT_PROJECT_VERSION = 1;
				DEVELOPMENT_TEAM = ZRZ3S4BU85;
				GENERATE_INFOPLIST_FILE = YES;
				INFOPLIST_FILE = "egg Boiled timer/Info.plist";
				INFOPLIST_KEY_LSApplicationCategoryType = "public.app-category.utilities";
				INFOPLIST_KEY_UIApplicationSupportsIndirectInputEvents = YES;
				INFOPLIST_KEY_UILaunchStoryboardName = LaunchScreen;
				INFOPLIST_KEY_UIMainStoryboardFile = Main;
				INFOPLIST_KEY_UISupportedInterfaceOrientations_iPad = "UIInterfaceOrientationPortrait UIInterfaceOrientationPortraitUpsideDown UIInterfaceOrientationLandscapeLeft UIInterfaceOrientationLandscapeRight";
				INFOPLIST_KEY_UISupportedInterfaceOrientations_iPhone = "UIInterfaceOrientationPortrait UIInterfaceOrientationLandscapeLeft UIInterfaceOrientationLandscapeRight";
				IPHONEOS_DEPLOYMENT_TARGET = 15.6;
				LD_RUNPATH_SEARCH_PATHS = (
					"$(inherited)",
					"@executable_path/Frameworks",
				);
				MARKETING_VERSION = 1.0;
				PRODUCT_BUNDLE_IDENTIFIER = "com.shivappz.egg-Boiled-timer";
				PRODUCT_NAME = "$(TARGET_NAME)";
				SWIFT_EMIT_LOC_STRINGS = YES;
				SWIFT_VERSION = 5.0;
				TARGETED_DEVICE_FAMILY = "1,2";
			};
			name = Release;
		};
		66E34BB22DCD21D800E20094 /* Debug */ = {
			isa = XCBuildConfiguration;
			buildSettings = {
				ALWAYS_SEARCH_USER_PATHS = NO;
				ASSETCATALOG_COMPILER_GENERATE_SWIFT_ASSET_SYMBOL_EXTENSIONS = YES;
				CLANG_ANALYZER_NONNULL = YES;
				CLANG_ANALYZER_NUMBER_OBJECT_CONVERSION = YES_AGGRESSIVE;
				CLANG_CXX_LANGUAGE_STANDARD = "gnu++20";
				CLANG_ENABLE_MODULES = YES;
				CLANG_ENABLE_OBJC_ARC = YES;
				CLANG_ENABLE_OBJC_WEAK = YES;
				CLANG_WARN_BLOCK_CAPTURE_AUTORELEASING = YES;
				CLANG_WARN_BOOL_CONVERSION = YES;
				CLANG_WARN_COMMA = YES;
				CLANG_WARN_CONSTANT_CONVERSION = YES;
				CLANG_WARN_DEPRECATED_OBJC_IMPLEMENTATIONS = YES;
				CLANG_WARN_DIRECT_OBJC_ISA_USAGE = YES_ERROR;
				CLANG_WARN_DOCUMENTATION_COMMENTS = YES;
				CLANG_WARN_EMPTY_BODY = YES;
				CLANG_WARN_ENUM_CONVERSION = YES;
				CLANG_WARN_INFINITE_RECURSION = YES;
				CLANG_WARN_INT_CONVERSION = YES;
				CLANG_WARN_NON_LITERAL_NULL_CONVERSION = YES;
				CLANG_WARN_OBJC_IMPLICIT_RETAIN_SELF = YES;
				CLANG_WARN_OBJC_LITERAL_CONVERSION = YES;
				CLANG_WARN_OBJC_ROOT_CLASS = YES_ERROR;
				CLANG_WARN_QUOTED_INCLUDE_IN_FRAMEWORK_HEADER = YES;
				CLANG_WARN_RANGE_LOOP_ANALYSIS = YES;
				CLANG_WARN_STRICT_PROTOTYPES = YES;
				CLANG_WARN_SUSPICIOUS_MOVE = YES;
				CLANG_WARN_UNGUARDED_AVAILABILITY = YES_AGGRESSIVE;
				CLANG_WARN_UNREACHABLE_CODE = YES;
				CLANG_WARN__DUPLICATE_METHOD_MATCH = YES;
				COPY_PHASE_STRIP = NO;
				DEBUG_INFORMATION_FORMAT = dwarf;
				DEVELOPMENT_TEAM = ZRZ3S4BU85;
				ENABLE_STRICT_OBJC_MSGSEND = YES;
				ENABLE_TESTABILITY = YES;
				ENABLE_USER_SCRIPT_SANDBOXING = YES;
				GCC_C_LANGUAGE_STANDARD = gnu17;
				GCC_DYNAMIC_NO_PIC = NO;
				GCC_NO_COMMON_BLOCKS = YES;
				GCC_OPTIMIZATION_LEVEL = 0;
				GCC_PREPROCESSOR_DEFINITIONS = (
					"DEBUG=1",
					"$(inherited)",
				);
				GCC_WARN_64_TO_32_BIT_CONVERSION = YES;
				GCC_WARN_ABOUT_RETURN_TYPE = YES_ERROR;
				GCC_WARN_UNDECLARED_SELECTOR = YES;
				GCC_WARN_UNINITIALIZED_AUTOS = YES_AGGRESSIVE;
				GCC_WARN_UNUSED_FUNCTION = YES;
				GCC_WARN_UNUSED_VARIABLE = YES;
				IPHONEOS_DEPLOYMENT_TARGET = 18.4;
				LOCALIZATION_PREFERS_STRING_CATALOGS = YES;
				MTL_ENABLE_DEBUG_INFO = INCLUDE_SOURCE;
				MTL_FAST_MATH = YES;
				ONLY_ACTIVE_ARCH = YES;
				SDKROOT = iphoneos;
				SWIFT_ACTIVE_COMPILATION_CONDITIONS = "DEBUG $(inherited)";
				SWIFT_OPTIMIZATION_LEVEL = "-Onone";
			};
			name = Debug;
		};
		66E34BB32DCD21D800E20094 /* Release */ = {
			isa = XCBuildConfiguration;
			buildSettings = {
				ALWAYS_SEARCH_USER_PATHS = NO;
				ASSETCATALOG_COMPILER_GENERATE_SWIFT_ASSET_SYMBOL_EXTENSIONS = YES;
				CLANG_ANALYZER_NONNULL = YES;
				CLANG_ANALYZER_NUMBER_OBJECT_CONVERSION = YES_AGGRESSIVE;
				CLANG_CXX_LANGUAGE_STANDARD = "gnu++20";
				CLANG_ENABLE_MODULES = YES;
				CLANG_ENABLE_OBJC_ARC = YES;
				CLANG_ENABLE_OBJC_WEAK = YES;
				CLANG_WARN_BLOCK_CAPTURE_AUTORELEASING = YES;
				CLANG_WARN_BOOL_CONVERSION = YES;
				CLANG_WARN_COMMA = YES;
				CLANG_WARN_CONSTANT_CONVERSION = YES;
				CLANG_WARN_DEPRECATED_OBJC_IMPLEMENTATIONS = YES;
				CLANG_WARN_DIRECT_OBJC_ISA_USAGE = YES_ERROR;
				CLANG_WARN_DOCUMENTATION_COMMENTS = YES;
				CLANG_WARN_EMPTY_BODY = YES;
				CLANG_WARN_ENUM_CONVERSION = YES;
				CLANG_WARN_INFINITE_RECURSION = YES;
				CLANG_WARN_INT_CONVERSION = YES;
				CLANG_WARN_NON_LITERAL_NULL_CONVERSION = YES;
				CLANG_WARN_OBJC_IMPLICIT_RETAIN_SELF = YES;
				CLANG_WARN_OBJC_LITERAL_CONVERSION = YES;
				CLANG_WARN_OBJC_ROOT_CLASS = YES_ERROR;
				CLANG_WARN_QUOTED_INCLUDE_IN_FRAMEWORK_HEADER = YES;
				CLANG_WARN_RANGE_LOOP_ANALYSIS = YES;
				CLANG_WARN_STRICT_PROTOTYPES = YES;
				CLANG_WARN_SUSPICIOUS_MOVE = YES;
				CLANG_WARN_UNGUARDED_AVAILABILITY = YES_AGGRESSIVE;
				CLANG_WARN_UNREACHABLE_CODE = YES;
				CLANG_WARN__DUPLICATE_METHOD_MATCH = YES;
				COPY_PHASE_STRIP = NO;
				DEBUG_INFORMATION_FORMAT = "dwarf-with-dsym";
				DEVELOPMENT_TEAM = ZRZ3S4BU85;
				ENABLE_NS_ASSERTIONS = NO;
				ENABLE_STRICT_OBJC_MSGSEND = YES;
				ENABLE_USER_SCRIPT_SANDBOXING = YES;
				GCC_C_LANGUAGE_STANDARD = gnu17;
				GCC_NO_COMMON_BLOCKS = YES;
				GCC_WARN_64_TO_32_BIT_CONVERSION = YES;
				GCC_WARN_ABOUT_RETURN_TYPE = YES_ERROR;
				GCC_WARN_UNDECLARED_SELECTOR = YES;
				GCC_WARN_UNINITIALIZED_AUTOS = YES_AGGRESSIVE;
				GCC_WARN_UNUSED_FUNCTION = YES;
				GCC_WARN_UNUSED_VARIABLE = YES;
				IPHONEOS_DEPLOYMENT_TARGET = 18.4;
				LOCALIZATION_PREFERS_STRING_CATALOGS = YES;
				MTL_ENABLE_DEBUG_INFO = NO;
				MTL_FAST_MATH = YES;
				SDKROOT = iphoneos;
				SWIFT_COMPILATION_MODE = wholemodule;
				VALIDATE_PRODUCT = YES;
			};
			name = Release;
		};
		66E34BB52DCD21D800E20094 /* Debug */ = {
			isa = XCBuildConfiguration;
			buildSettings = {
				BUNDLE_LOADER = "$(TEST_HOST)";
				CODE_SIGN_STYLE = Automatic;
				CURRENT_PROJECT_VERSION = 1;
				DEVELOPMENT_TEAM = ZRZ3S4BU85;
				GENERATE_INFOPLIST_FILE = YES;
				IPHONEOS_DEPLOYMENT_TARGET = 18.4;
				MARKETING_VERSION = 1.0;
				PRODUCT_BUNDLE_IDENTIFIER = "com.shivappz.egg-Boiled-timerTests";
				PRODUCT_NAME = "$(TARGET_NAME)";
				SWIFT_EMIT_LOC_STRINGS = NO;
				SWIFT_VERSION = 5.0;
				TARGETED_DEVICE_FAMILY = "1,2";
				TEST_HOST = "$(BUILT_PRODUCTS_DIR)/egg Boiled timer.app/$(BUNDLE_EXECUTABLE_FOLDER_PATH)/egg Boiled timer";
			};
			name = Debug;
		};
		66E34BB62DCD21D800E20094 /* Release */ = {
			isa = XCBuildConfiguration;
			buildSettings = {
				BUNDLE_LOADER = "$(TEST_HOST)";
				CODE_SIGN_STYLE = Automatic;
				CURRENT_PROJECT_VERSION = 1;
				DEVELOPMENT_TEAM = ZRZ3S4BU85;
				GENERATE_INFOPLIST_FILE = YES;
				IPHONEOS_DEPLOYMENT_TARGET = 18.4;
				MARKETING_VERSION = 1.0;
				PRODUCT_BUNDLE_IDENTIFIER = "com.shivappz.egg-Boiled-timerTests";
				PRODUCT_NAME = "$(TARGET_NAME)";
				SWIFT_EMIT_LOC_STRINGS = NO;
				SWIFT_VERSION = 5.0;
				TARGETED_DEVICE_FAMILY = "1,2";
				TEST_HOST = "$(BUILT_PRODUCTS_DIR)/egg Boiled timer.app/$(BUNDLE_EXECUTABLE_FOLDER_PATH)/egg Boiled timer";
			};
			name = Release;
		};
		66E34BB82DCD21D800E20094 /* Debug */ = {
			isa = XCBuildConfiguration;
			buildSettings = {
				CODE_SIGN_STYLE = Automatic;
				CURRENT_PROJECT_VERSION = 1;
				DEVELOPMENT_TEAM = ZRZ3S4BU85;
				GENERATE_INFOPLIST_FILE = YES;
				MARKETING_VERSION = 1.0;
				PRODUCT_BUNDLE_IDENTIFIER = "com.shivappz.egg-Boiled-timerUITests";
				PRODUCT_NAME = "$(TARGET_NAME)";
				SWIFT_EMIT_LOC_STRINGS = NO;
				SWIFT_VERSION = 5.0;
				TARGETED_DEVICE_FAMILY = "1,2";
				TEST_TARGET_NAME = "egg Boiled timer";
			};
			name = Debug;
		};
		66E34BB92DCD21D800E20094 /* Release */ = {
			isa = XCBuildConfiguration;
			buildSettings = {
				CODE_SIGN_STYLE = Automatic;
				CURRENT_PROJECT_VERSION = 1;
				DEVELOPMENT_TEAM = ZRZ3S4BU85;
				GENERATE_INFOPLIST_FILE = YES;
				MARKETING_VERSION = 1.0;
				PRODUCT_BUNDLE_IDENTIFIER = "com.shivappz.egg-Boiled-timerUITests";
				PRODUCT_NAME = "$(TARGET_NAME)";
				SWIFT_EMIT_LOC_STRINGS = NO;
				SWIFT_VERSION = 5.0;
				TARGETED_DEVICE_FAMILY = "1,2";
				TEST_TARGET_NAME = "egg Boiled timer";
			};
			name = Release;
		};
/* End XCBuildConfiguration section */

/* Begin XCConfigurationList section */
		66E34B812DCD21D700E20094 /* Build configuration list for PBXProject "egg Boiled timer" */ = {
			isa = XCConfigurationList;
			buildConfigurations = (
				66E34BB22DCD21D800E20094 /* Debug */,
				66E34BB32DCD21D800E20094 /* Release */,
			);
			defaultConfigurationIsVisible = 0;
			defaultConfigurationName = Release;
		};
		66E34BAF2DCD21D800E20094 /* Build configuration list for PBXNativeTarget "egg Boiled timer" */ = {
			isa = XCConfigurationList;
			buildConfigurations = (
				66E34BB02DCD21D800E20094 /* Debug */,
				66E34BB12DCD21D800E20094 /* Release */,
			);
			defaultConfigurationIsVisible = 0;
			defaultConfigurationName = Release;
		};
		66E34BB42DCD21D800E20094 /* Build configuration list for PBXNativeTarget "egg Boiled timerTests" */ = {
			isa = XCConfigurationList;
			buildConfigurations = (
				66E34BB52DCD21D800E20094 /* Debug */,
				66E34BB62DCD21D800E20094 /* Release */,
			);
			defaultConfigurationIsVisible = 0;
			defaultConfigurationName = Release;
		};
		66E34BB72DCD21D800E20094 /* Build configuration list for PBXNativeTarget "egg Boiled timerUITests" */ = {
			isa = XCConfigurationList;
			buildConfigurations = (
				66E34BB82DCD21D800E20094 /* Debug */,
				66E34BB92DCD21D800E20094 /* Release */,
			);
			defaultConfigurationIsVisible = 0;
			defaultConfigurationName = Release;
		};
/* End XCConfigurationList section */
	};
	rootObject = 66E34B7E2DCD21D700E20094 /* Project object */;
}
